{
  "version": 4,
  "terraform_version": "0.13.4",
  "serial": 48,
  "lineage": "ddc18a9f-c863-c804-4a9f-80c7b87334ce",
  "outputs": {
    "search_api_key": {
      "value": "F836365EF01C2E88EEBF1D398726D0B6",
      "type": "string"
    }
  },
  "resources": [
    {
      "mode": "managed",
      "type": "azurerm_resource_group",
      "name": "example",
      "provider": "provider[\"registry.terraform.io/hashicorp/azurerm\"]",
      "instances": [
        {
          "schema_version": 0,
          "attributes": {
            "id": "/subscriptions/201bbd88-5ccc-47b0-b7e5-b7dd65985971/resourceGroups/mino-search-test-rsg",
            "location": "westeurope",
            "name": "mino-search-test-rsg",
            "tags": {},
            "timeouts": null
          },
          "private": "eyJlMmJmYjczMC1lY2FhLTExZTYtOGY4OC0zNDM2M2JjN2M0YzAiOnsiY3JlYXRlIjo1NDAwMDAwMDAwMDAwLCJkZWxldGUiOjU0MDAwMDAwMDAwMDAsInJlYWQiOjMwMDAwMDAwMDAwMCwidXBkYXRlIjo1NDAwMDAwMDAwMDAwfX0="
        }
      ]
    },
    {
      "mode": "managed",
      "type": "azurerm_search_service",
      "name": "example",
      "provider": "provider[\"registry.terraform.io/hashicorp/azurerm\"]",
      "instances": [
        {
          "schema_version": 0,
          "attributes": {
            "allowed_ips": [],
            "id": "/subscriptions/201bbd88-5ccc-47b0-b7e5-b7dd65985971/resourceGroups/mino-search-test-rsg/providers/Microsoft.Search/searchServices/mino-search-test-acs",
            "identity": [],
            "location": "westeurope",
            "name": "mino-search-test-acs",
            "partition_count": 1,
            "primary_key": "F836365EF01C2E88EEBF1D398726D0B6",
            "public_network_access_enabled": true,
            "query_keys": [
              {
                "key": "4E324CC2040AFD0CEDAE094A795D76CD",
                "name": ""
              }
            ],
            "replica_count": 1,
            "resource_group_name": "mino-search-test-rsg",
            "secondary_key": "F277453E40169CC42508180AA781EAA8",
            "sku": "standard",
            "tags": {},
            "timeouts": null
          },
          "private": "eyJlMmJmYjczMC1lY2FhLTExZTYtOGY4OC0zNDM2M2JjN2M0YzAiOnsiY3JlYXRlIjoxODAwMDAwMDAwMDAwLCJkZWxldGUiOjE4MDAwMDAwMDAwMDAsInJlYWQiOjMwMDAwMDAwMDAwMCwidXBkYXRlIjoxODAwMDAwMDAwMDAwfX0=",
          "dependencies": [
            "azurerm_resource_group.example"
          ]
        }
      ]
    }
  ]
}
